// !$*UTF8*$!
{
	archiveVersion = 1;
	classes = {
	};
	objectVersion = 46;
	objects = {

/* Begin PBXBuildFile section */
		738175F015B5A781FD12B07F /* libPods-ovm.a in Frameworks */ = {isa = PBXBuildFile; fileRef = BB8E63BDF842FD31C3C35D16 /* libPods-ovm.a */; };
		DA3F6E701C46EC18007E2888 /* defs.plist in Resources */ = {isa = PBXBuildFile; fileRef = DA3F6E3D1C46EC18007E2888 /* defs.plist */; };
		DA3F6E711C46EC18007E2888 /* Localizable.strings in Resources */ = {isa = PBXBuildFile; fileRef = DA3F6E3E1C46EC18007E2888 /* Localizable.strings */; };
		DA3F6E721C46EC18007E2888 /* appdel.m in Sources */ = {isa = PBXBuildFile; fileRef = DA3F6E441C46EC18007E2888 /* appdel.m */; };
		DA3F6E741C46EC18007E2888 /* main.m in Sources */ = {isa = PBXBuildFile; fileRef = DA3F6E461C46EC18007E2888 /* main.m */; };
		DA3F6E751C46EC18007E2888 /* analytics.m in Sources */ = {isa = PBXBuildFile; fileRef = DA3F6E491C46EC18007E2888 /* analytics.m */; };
		DA3F6E761C46EC18007E2888 /* tools.m in Sources */ = {isa = PBXBuildFile; fileRef = DA3F6E4D1C46EC18007E2888 /* tools.m */; };
		DA3F6E771C46EC18007E2888 /* updater.m in Sources */ = {isa = PBXBuildFile; fileRef = DA3F6E4F1C46EC18007E2888 /* updater.m */; };
		DA3F6E781C46EC18007E2888 /* calert.m in Sources */ = {isa = PBXBuildFile; fileRef = DA3F6E581C46EC18007E2888 /* calert.m */; };
		DA3F6E791C46EC18007E2888 /* cmain.m in Sources */ = {isa = PBXBuildFile; fileRef = DA3F6E5C1C46EC18007E2888 /* cmain.m */; };
		DA3F6E7B1C46EC18007E2888 /* valert.m in Sources */ = {isa = PBXBuildFile; fileRef = DA3F6E661C46EC18007E2888 /* valert.m */; };
		DA3F6E7C1C46EC18007E2888 /* vblur.m in Sources */ = {isa = PBXBuildFile; fileRef = DA3F6E691C46EC18007E2888 /* vblur.m */; };
		DA3F6E7D1C46EC18007E2888 /* viewbase.m in Sources */ = {isa = PBXBuildFile; fileRef = DA3F6E6B1C46EC18007E2888 /* viewbase.m */; };
		DA3F6E7E1C46EC18007E2888 /* vspinner.m in Sources */ = {isa = PBXBuildFile; fileRef = DA3F6E6D1C46EC18007E2888 /* vspinner.m */; };
		DA8E65481C47F4F600BECAF6 /* vhomecelmenu.m in Sources */ = {isa = PBXBuildFile; fileRef = DA8E65471C47F4F600BECAF6 /* vhomecelmenu.m */; };
		DA8E654B1C47F64C00BECAF6 /* mhomemenu.m in Sources */ = {isa = PBXBuildFile; fileRef = DA8E654A1C47F64C00BECAF6 /* mhomemenu.m */; };
		DA8E65561C47F94000BECAF6 /* flyer01.jpg in Resources */ = {isa = PBXBuildFile; fileRef = DA8E654C1C47F94000BECAF6 /* flyer01.jpg */; };
		DA8E65571C47F94000BECAF6 /* flyer01@2x.jpg in Resources */ = {isa = PBXBuildFile; fileRef = DA8E654D1C47F94000BECAF6 /* flyer01@2x.jpg */; };
		DA8E65581C47F94000BECAF6 /* flyer02.jpg in Resources */ = {isa = PBXBuildFile; fileRef = DA8E654E1C47F94000BECAF6 /* flyer02.jpg */; };
		DA8E65591C47F94000BECAF6 /* flyer02@2x.jpg in Resources */ = {isa = PBXBuildFile; fileRef = DA8E654F1C47F94000BECAF6 /* flyer02@2x.jpg */; };
		DA8E655A1C47F94000BECAF6 /* flyer03.jpg in Resources */ = {isa = PBXBuildFile; fileRef = DA8E65501C47F94000BECAF6 /* flyer03.jpg */; };
		DA8E655B1C47F94000BECAF6 /* flyer03@2x.jpg in Resources */ = {isa = PBXBuildFile; fileRef = DA8E65511C47F94000BECAF6 /* flyer03@2x.jpg */; };
		DA8E655C1C47F94000BECAF6 /* flyer04.jpg in Resources */ = {isa = PBXBuildFile; fileRef = DA8E65521C47F94000BECAF6 /* flyer04.jpg */; };
		DA8E655D1C47F94000BECAF6 /* flyer04@2x.jpg in Resources */ = {isa = PBXBuildFile; fileRef = DA8E65531C47F94000BECAF6 /* flyer04@2x.jpg */; };
		DA8E655E1C47F94000BECAF6 /* flyer05.jpg in Resources */ = {isa = PBXBuildFile; fileRef = DA8E65541C47F94000BECAF6 /* flyer05.jpg */; };
		DA8E655F1C47F94000BECAF6 /* flyer05@2x.jpg in Resources */ = {isa = PBXBuildFile; fileRef = DA8E65551C47F94000BECAF6 /* flyer05@2x.jpg */; };
		DA8E65611C47F96900BECAF6 /* flyers.plist in Resources */ = {isa = PBXBuildFile; fileRef = DA8E65601C47F96900BECAF6 /* flyers.plist */; };
		DA8E65651C48316100BECAF6 /* mmenu.m in Sources */ = {isa = PBXBuildFile; fileRef = DA8E65641C48316100BECAF6 /* mmenu.m */; };
		DA8E65691C48332A00BECAF6 /* mmenulocations.m in Sources */ = {isa = PBXBuildFile; fileRef = DA8E65681C48332A00BECAF6 /* mmenulocations.m */; };
		DA8E656C1C4834F200BECAF6 /* mmenuabout.m in Sources */ = {isa = PBXBuildFile; fileRef = DA8E656B1C4834F200BECAF6 /* mmenuabout.m */; };
		DA8E656F1C4835FF00BECAF6 /* mmenucontact.m in Sources */ = {isa = PBXBuildFile; fileRef = DA8E656E1C4835FF00BECAF6 /* mmenucontact.m */; };
		DA8E65721C48360900BECAF6 /* mmenuservices.m in Sources */ = {isa = PBXBuildFile; fileRef = DA8E65711C48360900BECAF6 /* mmenuservices.m */; };
		DA8E65751C4837E000BECAF6 /* vhomecelmenucel.m in Sources */ = {isa = PBXBuildFile; fileRef = DA8E65741C4837E000BECAF6 /* vhomecelmenucel.m */; };
		DA8E65791C483D9E00BECAF6 /* about.png in Resources */ = {isa = PBXBuildFile; fileRef = DA8E65761C483D9E00BECAF6 /* about.png */; };
		DA8E657A1C483D9E00BECAF6 /* about@2x.png in Resources */ = {isa = PBXBuildFile; fileRef = DA8E65771C483D9E00BECAF6 /* about@2x.png */; };
		DA8E657B1C483D9E00BECAF6 /* about@3x.png in Resources */ = {isa = PBXBuildFile; fileRef = DA8E65781C483D9E00BECAF6 /* about@3x.png */; };
		DA8E657F1C48413700BECAF6 /* location.png in Resources */ = {isa = PBXBuildFile; fileRef = DA8E657C1C48413700BECAF6 /* location.png */; };
		DA8E65801C48413700BECAF6 /* location@2x.png in Resources */ = {isa = PBXBuildFile; fileRef = DA8E657D1C48413700BECAF6 /* location@2x.png */; };
		DA8E65811C48413700BECAF6 /* location@3x.png in Resources */ = {isa = PBXBuildFile; fileRef = DA8E657E1C48413700BECAF6 /* location@3x.png */; };
		DA8E65851C48439C00BECAF6 /* services.png in Resources */ = {isa = PBXBuildFile; fileRef = DA8E65821C48439C00BECAF6 /* services.png */; };
		DA8E65861C48439C00BECAF6 /* services@2x.png in Resources */ = {isa = PBXBuildFile; fileRef = DA8E65831C48439C00BECAF6 /* services@2x.png */; };
		DA8E65871C48439C00BECAF6 /* services@3x.png in Resources */ = {isa = PBXBuildFile; fileRef = DA8E65841C48439C00BECAF6 /* services@3x.png */; };
		DAA82FA51C470E8C00C40A7C /* logo.png in Resources */ = {isa = PBXBuildFile; fileRef = DAA82FA21C470E8C00C40A7C /* logo.png */; };
		DAA82FA61C470E8C00C40A7C /* logo@2x.png in Resources */ = {isa = PBXBuildFile; fileRef = DAA82FA31C470E8C00C40A7C /* logo@2x.png */; };
		DAA82FA71C470E8C00C40A7C /* logo@3x.png in Resources */ = {isa = PBXBuildFile; fileRef = DAA82FA41C470E8C00C40A7C /* logo@3x.png */; };
		DAA82FAA1C470F0D00C40A7C /* vlogo.m in Sources */ = {isa = PBXBuildFile; fileRef = DAA82FA91C470F0D00C40A7C /* vlogo.m */; };
		DAA82FAD1C4721D100C40A7C /* vhomeceltitle.m in Sources */ = {isa = PBXBuildFile; fileRef = DAA82FAC1C4721D100C40A7C /* vhomeceltitle.m */; };
		DAA82FB31C47256D00C40A7C /* vhomecelbanner.m in Sources */ = {isa = PBXBuildFile; fileRef = DAA82FB21C47256D00C40A7C /* vhomecelbanner.m */; };
		DAA82FB71C47262C00C40A7C /* mhome.m in Sources */ = {isa = PBXBuildFile; fileRef = DAA82FB61C47262C00C40A7C /* mhome.m */; };
		DAA82FBB1C47289400C40A7C /* mhometitle.m in Sources */ = {isa = PBXBuildFile; fileRef = DAA82FBA1C47289400C40A7C /* mhometitle.m */; };
		DAA82FBE1C47289C00C40A7C /* mhomebanners.m in Sources */ = {isa = PBXBuildFile; fileRef = DAA82FBD1C47289C00C40A7C /* mhomebanners.m */; };
		DABD83961C46F8B4003C28D3 /* chome.m in Sources */ = {isa = PBXBuildFile; fileRef = DABD83951C46F8B4003C28D3 /* chome.m */; };
		DABD83981C46F950003C28D3 /* analytics.plist in Resources */ = {isa = PBXBuildFile; fileRef = DABD83971C46F950003C28D3 /* analytics.plist */; };
		DABD839C1C46FE0F003C28D3 /* vhome.m in Sources */ = {isa = PBXBuildFile; fileRef = DABD839B1C46FE0F003C28D3 /* vhome.m */; };
		DABD83A71C4707A0003C28D3 /* in in Resources */ = {isa = PBXBuildFile; fileRef = DABD83A61C4707A0003C28D3 /* in */; };
		DAF8C2271C46EF9B00DB03F2 /* Images.xcassets in Resources */ = {isa = PBXBuildFile; fileRef = DAF8C2261C46EF9B00DB03F2 /* Images.xcassets */; };
/* End PBXBuildFile section */

/* Begin PBXFileReference section */
		622C6F0CE626AB28520DFD6D /* Pods-ovm.debug.xcconfig */ = {isa = PBXFileReference; includeInIndex = 1; lastKnownFileType = text.xcconfig; name = "Pods-ovm.debug.xcconfig"; path = "Pods/Target Support Files/Pods-ovm/Pods-ovm.debug.xcconfig"; sourceTree = "<group>"; };
		BB8E63BDF842FD31C3C35D16 /* libPods-ovm.a */ = {isa = PBXFileReference; explicitFileType = archive.ar; includeInIndex = 0; path = "libPods-ovm.a"; sourceTree = BUILT_PRODUCTS_DIR; };
		DA3F6E1F1C46EA7B007E2888 /* ovm.app */ = {isa = PBXFileReference; explicitFileType = wrapper.application; includeInIndex = 0; path = ovm.app; sourceTree = BUILT_PRODUCTS_DIR; };
		DA3F6E3D1C46EC18007E2888 /* defs.plist */ = {isa = PBXFileReference; fileEncoding = 4; lastKnownFileType = text.plist.xml; path = defs.plist; sourceTree = "<group>"; };
		DA3F6E3F1C46EC18007E2888 /* en */ = {isa = PBXFileReference; lastKnownFileType = text.plist.strings; name = en; path = en.lproj/Localizable.strings; sourceTree = "<group>"; };
		DA3F6E401C46EC18007E2888 /* es */ = {isa = PBXFileReference; lastKnownFileType = text.plist.strings; name = es; path = es.lproj/Localizable.strings; sourceTree = "<group>"; };
		DA3F6E431C46EC18007E2888 /* appdel.h */ = {isa = PBXFileReference; fileEncoding = 4; lastKnownFileType = sourcecode.c.h; path = appdel.h; sourceTree = "<group>"; };
		DA3F6E441C46EC18007E2888 /* appdel.m */ = {isa = PBXFileReference; fileEncoding = 4; lastKnownFileType = sourcecode.c.objc; path = appdel.m; sourceTree = "<group>"; };
		DA3F6E451C46EC18007E2888 /* Info.plist */ = {isa = PBXFileReference; fileEncoding = 4; lastKnownFileType = text.plist.xml; path = Info.plist; sourceTree = "<group>"; };
		DA3F6E461C46EC18007E2888 /* main.m */ = {isa = PBXFileReference; fileEncoding = 4; lastKnownFileType = sourcecode.c.objc; path = main.m; sourceTree = "<group>"; };
		DA3F6E481C46EC18007E2888 /* analytics.h */ = {isa = PBXFileReference; fileEncoding = 4; lastKnownFileType = sourcecode.c.h; path = analytics.h; sourceTree = "<group>"; };
		DA3F6E491C46EC18007E2888 /* analytics.m */ = {isa = PBXFileReference; fileEncoding = 4; lastKnownFileType = sourcecode.c.objc; path = analytics.m; sourceTree = "<group>"; };
		DA3F6E4A1C46EC18007E2888 /* constants.h */ = {isa = PBXFileReference; fileEncoding = 4; lastKnownFileType = sourcecode.c.h; path = constants.h; sourceTree = "<group>"; };
		DA3F6E4B1C46EC18007E2888 /* generic.h */ = {isa = PBXFileReference; fileEncoding = 4; lastKnownFileType = sourcecode.c.h; path = generic.h; sourceTree = "<group>"; };
		DA3F6E4C1C46EC18007E2888 /* tools.h */ = {isa = PBXFileReference; fileEncoding = 4; lastKnownFileType = sourcecode.c.h; path = tools.h; sourceTree = "<group>"; };
		DA3F6E4D1C46EC18007E2888 /* tools.m */ = {isa = PBXFileReference; fileEncoding = 4; lastKnownFileType = sourcecode.c.objc; path = tools.m; sourceTree = "<group>"; };
		DA3F6E4E1C46EC18007E2888 /* updater.h */ = {isa = PBXFileReference; fileEncoding = 4; lastKnownFileType = sourcecode.c.h; path = updater.h; sourceTree = "<group>"; };
		DA3F6E4F1C46EC18007E2888 /* updater.m */ = {isa = PBXFileReference; fileEncoding = 4; lastKnownFileType = sourcecode.c.objc; path = updater.m; sourceTree = "<group>"; };
		DA3F6E521C46EC18007E2888 /* private.h */ = {isa = PBXFileReference; fileEncoding = 4; lastKnownFileType = sourcecode.c.h; path = private.h; sourceTree = "<group>"; };
		DA3F6E531C46EC18007E2888 /* privateconstants.h */ = {isa = PBXFileReference; fileEncoding = 4; lastKnownFileType = sourcecode.c.h; path = privateconstants.h; sourceTree = "<group>"; };
		DA3F6E571C46EC18007E2888 /* calert.h */ = {isa = PBXFileReference; fileEncoding = 4; lastKnownFileType = sourcecode.c.h; path = calert.h; sourceTree = "<group>"; };
		DA3F6E581C46EC18007E2888 /* calert.m */ = {isa = PBXFileReference; fileEncoding = 4; lastKnownFileType = sourcecode.c.objc; path = calert.m; sourceTree = "<group>"; };
		DA3F6E591C46EC18007E2888 /* c.h */ = {isa = PBXFileReference; fileEncoding = 4; lastKnownFileType = sourcecode.c.h; path = c.h; sourceTree = "<group>"; };
		DA3F6E5B1C46EC18007E2888 /* cmain.h */ = {isa = PBXFileReference; fileEncoding = 4; lastKnownFileType = sourcecode.c.h; path = cmain.h; sourceTree = "<group>"; };
		DA3F6E5C1C46EC18007E2888 /* cmain.m */ = {isa = PBXFileReference; fileEncoding = 4; lastKnownFileType = sourcecode.c.objc; path = cmain.m; sourceTree = "<group>"; };
		DA3F6E5F1C46EC18007E2888 /* mgeneral.h */ = {isa = PBXFileReference; fileEncoding = 4; lastKnownFileType = sourcecode.c.h; path = mgeneral.h; sourceTree = "<group>"; };
		DA3F6E621C46EC18007E2888 /* m.h */ = {isa = PBXFileReference; fileEncoding = 4; lastKnownFileType = sourcecode.c.h; path = m.h; sourceTree = "<group>"; };
		DA3F6E651C46EC18007E2888 /* valert.h */ = {isa = PBXFileReference; fileEncoding = 4; lastKnownFileType = sourcecode.c.h; path = valert.h; sourceTree = "<group>"; };
		DA3F6E661C46EC18007E2888 /* valert.m */ = {isa = PBXFileReference; fileEncoding = 4; lastKnownFileType = sourcecode.c.objc; path = valert.m; sourceTree = "<group>"; };
		DA3F6E681C46EC18007E2888 /* vblur.h */ = {isa = PBXFileReference; fileEncoding = 4; lastKnownFileType = sourcecode.c.h; path = vblur.h; sourceTree = "<group>"; };
		DA3F6E691C46EC18007E2888 /* vblur.m */ = {isa = PBXFileReference; fileEncoding = 4; lastKnownFileType = sourcecode.c.objc; path = vblur.m; sourceTree = "<group>"; };
		DA3F6E6A1C46EC18007E2888 /* viewbase.h */ = {isa = PBXFileReference; fileEncoding = 4; lastKnownFileType = sourcecode.c.h; path = viewbase.h; sourceTree = "<group>"; };
		DA3F6E6B1C46EC18007E2888 /* viewbase.m */ = {isa = PBXFileReference; fileEncoding = 4; lastKnownFileType = sourcecode.c.objc; path = viewbase.m; sourceTree = "<group>"; };
		DA3F6E6C1C46EC18007E2888 /* vspinner.h */ = {isa = PBXFileReference; fileEncoding = 4; lastKnownFileType = sourcecode.c.h; path = vspinner.h; sourceTree = "<group>"; };
		DA3F6E6D1C46EC18007E2888 /* vspinner.m */ = {isa = PBXFileReference; fileEncoding = 4; lastKnownFileType = sourcecode.c.objc; path = vspinner.m; sourceTree = "<group>"; };
		DA3F6E6F1C46EC18007E2888 /* v.h */ = {isa = PBXFileReference; fileEncoding = 4; lastKnownFileType = sourcecode.c.h; path = v.h; sourceTree = "<group>"; };
		DA8E65461C47F4F600BECAF6 /* vhomecelmenu.h */ = {isa = PBXFileReference; fileEncoding = 4; lastKnownFileType = sourcecode.c.h; path = vhomecelmenu.h; sourceTree = "<group>"; };
		DA8E65471C47F4F600BECAF6 /* vhomecelmenu.m */ = {isa = PBXFileReference; fileEncoding = 4; lastKnownFileType = sourcecode.c.objc; path = vhomecelmenu.m; sourceTree = "<group>"; };
		DA8E65491C47F64C00BECAF6 /* mhomemenu.h */ = {isa = PBXFileReference; fileEncoding = 4; lastKnownFileType = sourcecode.c.h; path = mhomemenu.h; sourceTree = "<group>"; };
		DA8E654A1C47F64C00BECAF6 /* mhomemenu.m */ = {isa = PBXFileReference; fileEncoding = 4; lastKnownFileType = sourcecode.c.objc; path = mhomemenu.m; sourceTree = "<group>"; };
		DA8E654C1C47F94000BECAF6 /* flyer01.jpg */ = {isa = PBXFileReference; lastKnownFileType = image.jpeg; path = flyer01.jpg; sourceTree = "<group>"; };
		DA8E654D1C47F94000BECAF6 /* flyer01@2x.jpg */ = {isa = PBXFileReference; lastKnownFileType = image.jpeg; path = "flyer01@2x.jpg"; sourceTree = "<group>"; };
		DA8E654E1C47F94000BECAF6 /* flyer02.jpg */ = {isa = PBXFileReference; lastKnownFileType = image.jpeg; path = flyer02.jpg; sourceTree = "<group>"; };
		DA8E654F1C47F94000BECAF6 /* flyer02@2x.jpg */ = {isa = PBXFileReference; lastKnownFileType = image.jpeg; path = "flyer02@2x.jpg"; sourceTree = "<group>"; };
		DA8E65501C47F94000BECAF6 /* flyer03.jpg */ = {isa = PBXFileReference; lastKnownFileType = image.jpeg; path = flyer03.jpg; sourceTree = "<group>"; };
		DA8E65511C47F94000BECAF6 /* flyer03@2x.jpg */ = {isa = PBXFileReference; lastKnownFileType = image.jpeg; path = "flyer03@2x.jpg"; sourceTree = "<group>"; };
		DA8E65521C47F94000BECAF6 /* flyer04.jpg */ = {isa = PBXFileReference; lastKnownFileType = image.jpeg; path = flyer04.jpg; sourceTree = "<group>"; };
		DA8E65531C47F94000BECAF6 /* flyer04@2x.jpg */ = {isa = PBXFileReference; lastKnownFileType = image.jpeg; path = "flyer04@2x.jpg"; sourceTree = "<group>"; };
		DA8E65541C47F94000BECAF6 /* flyer05.jpg */ = {isa = PBXFileReference; lastKnownFileType = image.jpeg; path = flyer05.jpg; sourceTree = "<group>"; };
		DA8E65551C47F94000BECAF6 /* flyer05@2x.jpg */ = {isa = PBXFileReference; lastKnownFileType = image.jpeg; path = "flyer05@2x.jpg"; sourceTree = "<group>"; };
		DA8E65601C47F96900BECAF6 /* flyers.plist */ = {isa = PBXFileReference; fileEncoding = 4; lastKnownFileType = text.plist.xml; path = flyers.plist; sourceTree = "<group>"; };
		DA8E65631C48316100BECAF6 /* mmenu.h */ = {isa = PBXFileReference; fileEncoding = 4; lastKnownFileType = sourcecode.c.h; path = mmenu.h; sourceTree = "<group>"; };
		DA8E65641C48316100BECAF6 /* mmenu.m */ = {isa = PBXFileReference; fileEncoding = 4; lastKnownFileType = sourcecode.c.objc; path = mmenu.m; sourceTree = "<group>"; };
		DA8E65661C48327F00BECAF6 /* mmenuprotocol.h */ = {isa = PBXFileReference; fileEncoding = 4; lastKnownFileType = sourcecode.c.h; path = mmenuprotocol.h; sourceTree = "<group>"; };
		DA8E65671C48332A00BECAF6 /* mmenulocations.h */ = {isa = PBXFileReference; fileEncoding = 4; lastKnownFileType = sourcecode.c.h; path = mmenulocations.h; sourceTree = "<group>"; };
		DA8E65681C48332A00BECAF6 /* mmenulocations.m */ = {isa = PBXFileReference; fileEncoding = 4; lastKnownFileType = sourcecode.c.objc; path = mmenulocations.m; sourceTree = "<group>"; };
		DA8E656A1C4834F200BECAF6 /* mmenuabout.h */ = {isa = PBXFileReference; fileEncoding = 4; lastKnownFileType = sourcecode.c.h; path = mmenuabout.h; sourceTree = "<group>"; };
		DA8E656B1C4834F200BECAF6 /* mmenuabout.m */ = {isa = PBXFileReference; fileEncoding = 4; lastKnownFileType = sourcecode.c.objc; path = mmenuabout.m; sourceTree = "<group>"; };
		DA8E656D1C4835FF00BECAF6 /* mmenucontact.h */ = {isa = PBXFileReference; fileEncoding = 4; lastKnownFileType = sourcecode.c.h; path = mmenucontact.h; sourceTree = "<group>"; };
		DA8E656E1C4835FF00BECAF6 /* mmenucontact.m */ = {isa = PBXFileReference; fileEncoding = 4; lastKnownFileType = sourcecode.c.objc; path = mmenucontact.m; sourceTree = "<group>"; };
		DA8E65701C48360900BECAF6 /* mmenuservices.h */ = {isa = PBXFileReference; fileEncoding = 4; lastKnownFileType = sourcecode.c.h; path = mmenuservices.h; sourceTree = "<group>"; };
		DA8E65711C48360900BECAF6 /* mmenuservices.m */ = {isa = PBXFileReference; fileEncoding = 4; lastKnownFileType = sourcecode.c.objc; path = mmenuservices.m; sourceTree = "<group>"; };
		DA8E65731C4837E000BECAF6 /* vhomecelmenucel.h */ = {isa = PBXFileReference; fileEncoding = 4; lastKnownFileType = sourcecode.c.h; path = vhomecelmenucel.h; sourceTree = "<group>"; };
		DA8E65741C4837E000BECAF6 /* vhomecelmenucel.m */ = {isa = PBXFileReference; fileEncoding = 4; lastKnownFileType = sourcecode.c.objc; path = vhomecelmenucel.m; sourceTree = "<group>"; };
		DA8E65761C483D9E00BECAF6 /* about.png */ = {isa = PBXFileReference; lastKnownFileType = image.png; path = about.png; sourceTree = "<group>"; };
		DA8E65771C483D9E00BECAF6 /* about@2x.png */ = {isa = PBXFileReference; lastKnownFileType = image.png; path = "about@2x.png"; sourceTree = "<group>"; };
		DA8E65781C483D9E00BECAF6 /* about@3x.png */ = {isa = PBXFileReference; lastKnownFileType = image.png; path = "about@3x.png"; sourceTree = "<group>"; };
		DA8E657C1C48413700BECAF6 /* location.png */ = {isa = PBXFileReference; lastKnownFileType = image.png; path = location.png; sourceTree = "<group>"; };
		DA8E657D1C48413700BECAF6 /* location@2x.png */ = {isa = PBXFileReference; lastKnownFileType = image.png; path = "location@2x.png"; sourceTree = "<group>"; };
		DA8E657E1C48413700BECAF6 /* location@3x.png */ = {isa = PBXFileReference; lastKnownFileType = image.png; path = "location@3x.png"; sourceTree = "<group>"; };
		DA8E65821C48439C00BECAF6 /* services.png */ = {isa = PBXFileReference; lastKnownFileType = image.png; path = services.png; sourceTree = "<group>"; };
		DA8E65831C48439C00BECAF6 /* services@2x.png */ = {isa = PBXFileReference; lastKnownFileType = image.png; path = "services@2x.png"; sourceTree = "<group>"; };
		DA8E65841C48439C00BECAF6 /* services@3x.png */ = {isa = PBXFileReference; lastKnownFileType = image.png; path = "services@3x.png"; sourceTree = "<group>"; };
		DAA82FA21C470E8C00C40A7C /* logo.png */ = {isa = PBXFileReference; lastKnownFileType = image.png; path = logo.png; sourceTree = "<group>"; };
		DAA82FA31C470E8C00C40A7C /* logo@2x.png */ = {isa = PBXFileReference; lastKnownFileType = image.png; path = "logo@2x.png"; sourceTree = "<group>"; };
		DAA82FA41C470E8C00C40A7C /* logo@3x.png */ = {isa = PBXFileReference; lastKnownFileType = image.png; path = "logo@3x.png"; sourceTree = "<group>"; };
		DAA82FA81C470F0D00C40A7C /* vlogo.h */ = {isa = PBXFileReference; fileEncoding = 4; lastKnownFileType = sourcecode.c.h; path = vlogo.h; sourceTree = "<group>"; };
		DAA82FA91C470F0D00C40A7C /* vlogo.m */ = {isa = PBXFileReference; fileEncoding = 4; lastKnownFileType = sourcecode.c.objc; path = vlogo.m; sourceTree = "<group>"; };
		DAA82FAB1C4721D100C40A7C /* vhomeceltitle.h */ = {isa = PBXFileReference; fileEncoding = 4; lastKnownFileType = sourcecode.c.h; path = vhomeceltitle.h; sourceTree = "<group>"; };
		DAA82FAC1C4721D100C40A7C /* vhomeceltitle.m */ = {isa = PBXFileReference; fileEncoding = 4; lastKnownFileType = sourcecode.c.objc; path = vhomeceltitle.m; sourceTree = "<group>"; };
		DAA82FB11C47256D00C40A7C /* vhomecelbanner.h */ = {isa = PBXFileReference; fileEncoding = 4; lastKnownFileType = sourcecode.c.h; path = vhomecelbanner.h; sourceTree = "<group>"; };
		DAA82FB21C47256D00C40A7C /* vhomecelbanner.m */ = {isa = PBXFileReference; fileEncoding = 4; lastKnownFileType = sourcecode.c.objc; path = vhomecelbanner.m; sourceTree = "<group>"; };
		DAA82FB51C47262C00C40A7C /* mhome.h */ = {isa = PBXFileReference; fileEncoding = 4; lastKnownFileType = sourcecode.c.h; path = mhome.h; sourceTree = "<group>"; };
		DAA82FB61C47262C00C40A7C /* mhome.m */ = {isa = PBXFileReference; fileEncoding = 4; lastKnownFileType = sourcecode.c.objc; path = mhome.m; sourceTree = "<group>"; };
		DAA82FB81C47264100C40A7C /* mhomeprotocol.h */ = {isa = PBXFileReference; fileEncoding = 4; lastKnownFileType = sourcecode.c.h; path = mhomeprotocol.h; sourceTree = "<group>"; };
		DAA82FB91C47289400C40A7C /* mhometitle.h */ = {isa = PBXFileReference; fileEncoding = 4; lastKnownFileType = sourcecode.c.h; path = mhometitle.h; sourceTree = "<group>"; };
		DAA82FBA1C47289400C40A7C /* mhometitle.m */ = {isa = PBXFileReference; fileEncoding = 4; lastKnownFileType = sourcecode.c.objc; path = mhometitle.m; sourceTree = "<group>"; };
		DAA82FBC1C47289C00C40A7C /* mhomebanners.h */ = {isa = PBXFileReference; fileEncoding = 4; lastKnownFileType = sourcecode.c.h; path = mhomebanners.h; sourceTree = "<group>"; };
		DAA82FBD1C47289C00C40A7C /* mhomebanners.m */ = {isa = PBXFileReference; fileEncoding = 4; lastKnownFileType = sourcecode.c.objc; path = mhomebanners.m; sourceTree = "<group>"; };
		DABD83941C46F8B4003C28D3 /* chome.h */ = {isa = PBXFileReference; fileEncoding = 4; lastKnownFileType = sourcecode.c.h; path = chome.h; sourceTree = "<group>"; };
		DABD83951C46F8B4003C28D3 /* chome.m */ = {isa = PBXFileReference; fileEncoding = 4; lastKnownFileType = sourcecode.c.objc; path = chome.m; sourceTree = "<group>"; };
		DABD83971C46F950003C28D3 /* analytics.plist */ = {isa = PBXFileReference; fileEncoding = 4; lastKnownFileType = text.plist.xml; path = analytics.plist; sourceTree = "<group>"; };
		DABD839A1C46FE0F003C28D3 /* vhome.h */ = {isa = PBXFileReference; fileEncoding = 4; lastKnownFileType = sourcecode.c.h; path = vhome.h; sourceTree = "<group>"; };
		DABD839B1C46FE0F003C28D3 /* vhome.m */ = {isa = PBXFileReference; fileEncoding = 4; lastKnownFileType = sourcecode.c.objc; path = vhome.m; sourceTree = "<group>"; };
		DABD83A61C4707A0003C28D3 /* in */ = {isa = PBXFileReference; lastKnownFileType = folder; path = in; sourceTree = "<group>"; };
		DAF8C2261C46EF9B00DB03F2 /* Images.xcassets */ = {isa = PBXFileReference; lastKnownFileType = folder.assetcatalog; path = Images.xcassets; sourceTree = "<group>"; };
		DF5B8A32DC524E45172A5DE3 /* Pods-ovm.release.xcconfig */ = {isa = PBXFileReference; includeInIndex = 1; lastKnownFileType = text.xcconfig; name = "Pods-ovm.release.xcconfig"; path = "Pods/Target Support Files/Pods-ovm/Pods-ovm.release.xcconfig"; sourceTree = "<group>"; };
/* End PBXFileReference section */

/* Begin PBXFrameworksBuildPhase section */
		DA3F6E1C1C46EA7B007E2888 /* Frameworks */ = {
			isa = PBXFrameworksBuildPhase;
			buildActionMask = 2147483647;
			files = (
				738175F015B5A781FD12B07F /* libPods-ovm.a in Frameworks */,
			);
			runOnlyForDeploymentPostprocessing = 0;
		};
/* End PBXFrameworksBuildPhase section */

/* Begin PBXGroup section */
		5EAE5904345E4D42F43B22AA /* Pods */ = {
			isa = PBXGroup;
			children = (
				622C6F0CE626AB28520DFD6D /* Pods-ovm.debug.xcconfig */,
				DF5B8A32DC524E45172A5DE3 /* Pods-ovm.release.xcconfig */,
			);
			name = Pods;
			sourceTree = "<group>";
		};
		A914D4C85E91B090FD0A4E97 /* Frameworks */ = {
			isa = PBXGroup;
			children = (
				BB8E63BDF842FD31C3C35D16 /* libPods-ovm.a */,
			);
			name = Frameworks;
			sourceTree = "<group>";
		};
		DA3F6E161C46EA7B007E2888 = {
			isa = PBXGroup;
			children = (
				DA3F6E211C46EA7B007E2888 /* ovm */,
				DA3F6E201C46EA7B007E2888 /* Products */,
				5EAE5904345E4D42F43B22AA /* Pods */,
				A914D4C85E91B090FD0A4E97 /* Frameworks */,
			);
			sourceTree = "<group>";
		};
		DA3F6E201C46EA7B007E2888 /* Products */ = {
			isa = PBXGroup;
			children = (
				DA3F6E1F1C46EA7B007E2888 /* ovm.app */,
			);
			name = Products;
			sourceTree = "<group>";
		};
		DA3F6E211C46EA7B007E2888 /* ovm */ = {
			isa = PBXGroup;
			children = (
				DA3F6E391C46EC18007E2888 /* imateq */,
				DA3F6E3C1C46EC18007E2888 /* langteq */,
				DA3F6E411C46EC18007E2888 /* sourceteq */,
				DAF8C2261C46EF9B00DB03F2 /* Images.xcassets */,
			);
			path = ovm;
			sourceTree = "<group>";
		};
		DA3F6E391C46EC18007E2888 /* imateq */ = {
			isa = PBXGroup;
			children = (
				DABD83A61C4707A0003C28D3 /* in */,
				DA3F6E3B1C46EC18007E2888 /* ui */,
			);
			path = imateq;
			sourceTree = "<group>";
		};
		DA3F6E3B1C46EC18007E2888 /* ui */ = {
			isa = PBXGroup;
			children = (
				DA8E65821C48439C00BECAF6 /* services.png */,
				DA8E65831C48439C00BECAF6 /* services@2x.png */,
				DA8E65841C48439C00BECAF6 /* services@3x.png */,
				DA8E657C1C48413700BECAF6 /* location.png */,
				DA8E657D1C48413700BECAF6 /* location@2x.png */,
				DA8E657E1C48413700BECAF6 /* location@3x.png */,
				DA8E65761C483D9E00BECAF6 /* about.png */,
				DA8E65771C483D9E00BECAF6 /* about@2x.png */,
				DA8E65781C483D9E00BECAF6 /* about@3x.png */,
				DA8E654C1C47F94000BECAF6 /* flyer01.jpg */,
				DA8E654D1C47F94000BECAF6 /* flyer01@2x.jpg */,
				DA8E654E1C47F94000BECAF6 /* flyer02.jpg */,
				DA8E654F1C47F94000BECAF6 /* flyer02@2x.jpg */,
				DA8E65501C47F94000BECAF6 /* flyer03.jpg */,
				DA8E65511C47F94000BECAF6 /* flyer03@2x.jpg */,
				DA8E65521C47F94000BECAF6 /* flyer04.jpg */,
				DA8E65531C47F94000BECAF6 /* flyer04@2x.jpg */,
				DA8E65541C47F94000BECAF6 /* flyer05.jpg */,
				DA8E65551C47F94000BECAF6 /* flyer05@2x.jpg */,
				DAA82FA21C470E8C00C40A7C /* logo.png */,
				DAA82FA31C470E8C00C40A7C /* logo@2x.png */,
				DAA82FA41C470E8C00C40A7C /* logo@3x.png */,
			);
			path = ui;
			sourceTree = "<group>";
		};
		DA3F6E3C1C46EC18007E2888 /* langteq */ = {
			isa = PBXGroup;
			children = (
				DA3F6E3D1C46EC18007E2888 /* defs.plist */,
				DABD83971C46F950003C28D3 /* analytics.plist */,
				DA3F6E3E1C46EC18007E2888 /* Localizable.strings */,
				DA8E65601C47F96900BECAF6 /* flyers.plist */,
			);
			path = langteq;
			sourceTree = "<group>";
		};
		DA3F6E411C46EC18007E2888 /* sourceteq */ = {
			isa = PBXGroup;
			children = (
				DA3F6E421C46EC18007E2888 /* core */,
				DA3F6E471C46EC18007E2888 /* generic */,
				DA3F6E501C46EC18007E2888 /* lib */,
				DA3F6E511C46EC18007E2888 /* private */,
				DA3F6E541C46EC18007E2888 /* source */,
			);
			path = sourceteq;
			sourceTree = "<group>";
		};
		DA3F6E421C46EC18007E2888 /* core */ = {
			isa = PBXGroup;
			children = (
				DA3F6E431C46EC18007E2888 /* appdel.h */,
				DA3F6E441C46EC18007E2888 /* appdel.m */,
				DA3F6E451C46EC18007E2888 /* Info.plist */,
				DA3F6E461C46EC18007E2888 /* main.m */,
			);
			path = core;
			sourceTree = "<group>";
		};
		DA3F6E471C46EC18007E2888 /* generic */ = {
			isa = PBXGroup;
			children = (
				DA3F6E481C46EC18007E2888 /* analytics.h */,
				DA3F6E491C46EC18007E2888 /* analytics.m */,
				DA3F6E4A1C46EC18007E2888 /* constants.h */,
				DA3F6E4B1C46EC18007E2888 /* generic.h */,
				DA3F6E4C1C46EC18007E2888 /* tools.h */,
				DA3F6E4D1C46EC18007E2888 /* tools.m */,
				DA3F6E4E1C46EC18007E2888 /* updater.h */,
				DA3F6E4F1C46EC18007E2888 /* updater.m */,
			);
			path = generic;
			sourceTree = "<group>";
		};
		DA3F6E501C46EC18007E2888 /* lib */ = {
			isa = PBXGroup;
			children = (
			);
			path = lib;
			sourceTree = "<group>";
		};
		DA3F6E511C46EC18007E2888 /* private */ = {
			isa = PBXGroup;
			children = (
				DA3F6E521C46EC18007E2888 /* private.h */,
				DA3F6E531C46EC18007E2888 /* privateconstants.h */,
			);
			path = private;
			sourceTree = "<group>";
		};
		DA3F6E541C46EC18007E2888 /* source */ = {
			isa = PBXGroup;
			children = (
				DA3F6E551C46EC18007E2888 /* c */,
				DA3F6E5D1C46EC18007E2888 /* m */,
				DA3F6E631C46EC18007E2888 /* v */,
			);
			path = source;
			sourceTree = "<group>";
		};
		DA3F6E551C46EC18007E2888 /* c */ = {
			isa = PBXGroup;
			children = (
				DA3F6E591C46EC18007E2888 /* c.h */,
				DA3F6E561C46EC18007E2888 /* alert */,
				DABD83931C46F8A4003C28D3 /* home */,
				DA3F6E5A1C46EC18007E2888 /* main */,
			);
			path = c;
			sourceTree = "<group>";
		};
		DA3F6E561C46EC18007E2888 /* alert */ = {
			isa = PBXGroup;
			children = (
				DA3F6E571C46EC18007E2888 /* calert.h */,
				DA3F6E581C46EC18007E2888 /* calert.m */,
			);
			path = alert;
			sourceTree = "<group>";
		};
		DA3F6E5A1C46EC18007E2888 /* main */ = {
			isa = PBXGroup;
			children = (
				DA3F6E5B1C46EC18007E2888 /* cmain.h */,
				DA3F6E5C1C46EC18007E2888 /* cmain.m */,
			);
			path = main;
			sourceTree = "<group>";
		};
		DA3F6E5D1C46EC18007E2888 /* m */ = {
			isa = PBXGroup;
			children = (
				DA3F6E621C46EC18007E2888 /* m.h */,
				DA8E65621C4808B200BECAF6 /* menu */,
				DAA82FB41C47261900C40A7C /* home */,
				DA3F6E5E1C46EC18007E2888 /* general */,
			);
			path = m;
			sourceTree = "<group>";
		};
		DA3F6E5E1C46EC18007E2888 /* general */ = {
			isa = PBXGroup;
			children = (
				DA3F6E5F1C46EC18007E2888 /* mgeneral.h */,
			);
			path = general;
			sourceTree = "<group>";
		};
		DA3F6E631C46EC18007E2888 /* v */ = {
			isa = PBXGroup;
			children = (
				DA3F6E6F1C46EC18007E2888 /* v.h */,
				DABD83991C46FDF7003C28D3 /* home */,
				DA3F6E641C46EC18007E2888 /* alert */,
				DA3F6E671C46EC18007E2888 /* general */,
				DA3F6E6E1C46EC18007E2888 /* main */,
			);
			path = v;
			sourceTree = "<group>";
		};
		DA3F6E641C46EC18007E2888 /* alert */ = {
			isa = PBXGroup;
			children = (
				DA3F6E651C46EC18007E2888 /* valert.h */,
				DA3F6E661C46EC18007E2888 /* valert.m */,
			);
			path = alert;
			sourceTree = "<group>";
		};
		DA3F6E671C46EC18007E2888 /* general */ = {
			isa = PBXGroup;
			children = (
				DA3F6E681C46EC18007E2888 /* vblur.h */,
				DA3F6E691C46EC18007E2888 /* vblur.m */,
				DA3F6E6A1C46EC18007E2888 /* viewbase.h */,
				DA3F6E6B1C46EC18007E2888 /* viewbase.m */,
				DA3F6E6C1C46EC18007E2888 /* vspinner.h */,
				DA3F6E6D1C46EC18007E2888 /* vspinner.m */,
			);
			path = general;
			sourceTree = "<group>";
		};
		DA3F6E6E1C46EC18007E2888 /* main */ = {
			isa = PBXGroup;
			children = (
			);
			path = main;
			sourceTree = "<group>";
		};
		DA8E65621C4808B200BECAF6 /* menu */ = {
			isa = PBXGroup;
			children = (
				DA8E65631C48316100BECAF6 /* mmenu.h */,
				DA8E65641C48316100BECAF6 /* mmenu.m */,
				DA8E65661C48327F00BECAF6 /* mmenuprotocol.h */,
				DA8E65671C48332A00BECAF6 /* mmenulocations.h */,
				DA8E65681C48332A00BECAF6 /* mmenulocations.m */,
				DA8E656A1C4834F200BECAF6 /* mmenuabout.h */,
				DA8E656B1C4834F200BECAF6 /* mmenuabout.m */,
				DA8E656D1C4835FF00BECAF6 /* mmenucontact.h */,
				DA8E656E1C4835FF00BECAF6 /* mmenucontact.m */,
				DA8E65701C48360900BECAF6 /* mmenuservices.h */,
				DA8E65711C48360900BECAF6 /* mmenuservices.m */,
			);
			path = menu;
			sourceTree = "<group>";
		};
		DAA82FB41C47261900C40A7C /* home */ = {
			isa = PBXGroup;
			children = (
				DAA82FB51C47262C00C40A7C /* mhome.h */,
				DAA82FB61C47262C00C40A7C /* mhome.m */,
				DAA82FB81C47264100C40A7C /* mhomeprotocol.h */,
				DAA82FB91C47289400C40A7C /* mhometitle.h */,
				DAA82FBA1C47289400C40A7C /* mhometitle.m */,
				DAA82FBC1C47289C00C40A7C /* mhomebanners.h */,
				DAA82FBD1C47289C00C40A7C /* mhomebanners.m */,
				DA8E65491C47F64C00BECAF6 /* mhomemenu.h */,
				DA8E654A1C47F64C00BECAF6 /* mhomemenu.m */,
			);
			path = home;
			sourceTree = "<group>";
		};
		DABD83931C46F8A4003C28D3 /* home */ = {
			isa = PBXGroup;
			children = (
				DABD83941C46F8B4003C28D3 /* chome.h */,
				DABD83951C46F8B4003C28D3 /* chome.m */,
			);
			path = home;
			sourceTree = "<group>";
		};
		DABD83991C46FDF7003C28D3 /* home */ = {
			isa = PBXGroup;
			children = (
				DABD839A1C46FE0F003C28D3 /* vhome.h */,
				DABD839B1C46FE0F003C28D3 /* vhome.m */,
				DAA82FA81C470F0D00C40A7C /* vlogo.h */,
				DAA82FA91C470F0D00C40A7C /* vlogo.m */,
				DAA82FAB1C4721D100C40A7C /* vhomeceltitle.h */,
				DAA82FAC1C4721D100C40A7C /* vhomeceltitle.m */,
				DAA82FB11C47256D00C40A7C /* vhomecelbanner.h */,
				DAA82FB21C47256D00C40A7C /* vhomecelbanner.m */,
				DA8E65461C47F4F600BECAF6 /* vhomecelmenu.h */,
				DA8E65471C47F4F600BECAF6 /* vhomecelmenu.m */,
				DA8E65731C4837E000BECAF6 /* vhomecelmenucel.h */,
				DA8E65741C4837E000BECAF6 /* vhomecelmenucel.m */,
			);
			path = home;
			sourceTree = "<group>";
		};
/* End PBXGroup section */

/* Begin PBXNativeTarget section */
		DA3F6E1E1C46EA7B007E2888 /* ovm */ = {
			isa = PBXNativeTarget;
			buildConfigurationList = DA3F6E361C46EA7B007E2888 /* Build configuration list for PBXNativeTarget "ovm" */;
			buildPhases = (
				A5026D0572E730743E706FA2 /* Check Pods Manifest.lock */,
				DA3F6E1B1C46EA7B007E2888 /* Sources */,
				DA3F6E1C1C46EA7B007E2888 /* Frameworks */,
				DA3F6E1D1C46EA7B007E2888 /* Resources */,
				15947718B49124C20B05C57C /* Embed Pods Frameworks */,
				31D976AC992FEAAA2C077882 /* Copy Pods Resources */,
			);
			buildRules = (
			);
			dependencies = (
			);
			name = ovm;
			productName = ovm;
			productReference = DA3F6E1F1C46EA7B007E2888 /* ovm.app */;
			productType = "com.apple.product-type.application";
		};
/* End PBXNativeTarget section */

/* Begin PBXProject section */
		DA3F6E171C46EA7B007E2888 /* Project object */ = {
			isa = PBXProject;
			attributes = {
				LastUpgradeCheck = 0720;
				ORGANIZATIONNAME = Iturbide;
				TargetAttributes = {
					DA3F6E1E1C46EA7B007E2888 = {
						CreatedOnToolsVersion = 7.2;
						DevelopmentTeam = 7AMWG3RLHN;
					};
				};
			};
			buildConfigurationList = DA3F6E1A1C46EA7B007E2888 /* Build configuration list for PBXProject "ovm" */;
			compatibilityVersion = "Xcode 3.2";
			developmentRegion = English;
			hasScannedForEncodings = 0;
			knownRegions = (
				en,
				Base,
				es,
			);
			mainGroup = DA3F6E161C46EA7B007E2888;
			productRefGroup = DA3F6E201C46EA7B007E2888 /* Products */;
			projectDirPath = "";
			projectRoot = "";
			targets = (
				DA3F6E1E1C46EA7B007E2888 /* ovm */,
			);
		};
/* End PBXProject section */

/* Begin PBXResourcesBuildPhase section */
		DA3F6E1D1C46EA7B007E2888 /* Resources */ = {
			isa = PBXResourcesBuildPhase;
			buildActionMask = 2147483647;
			files = (
				DA8E65811C48413700BECAF6 /* location@3x.png in Resources */,
				DABD83A71C4707A0003C28D3 /* in in Resources */,
				DA8E65861C48439C00BECAF6 /* services@2x.png in Resources */,
				DA8E657F1C48413700BECAF6 /* location.png in Resources */,
				DA8E655E1C47F94000BECAF6 /* flyer05.jpg in Resources */,
				DA8E65581C47F94000BECAF6 /* flyer02.jpg in Resources */,
				DA3F6E701C46EC18007E2888 /* defs.plist in Resources */,
				DA8E65591C47F94000BECAF6 /* flyer02@2x.jpg in Resources */,
				DAA82FA71C470E8C00C40A7C /* logo@3x.png in Resources */,
				DA8E65871C48439C00BECAF6 /* services@3x.png in Resources */,
				DAA82FA51C470E8C00C40A7C /* logo.png in Resources */,
				DA8E65571C47F94000BECAF6 /* flyer01@2x.jpg in Resources */,
				DABD83981C46F950003C28D3 /* analytics.plist in Resources */,
				DA8E657A1C483D9E00BECAF6 /* about@2x.png in Resources */,
				DA8E65611C47F96900BECAF6 /* flyers.plist in Resources */,
				DA8E655C1C47F94000BECAF6 /* flyer04.jpg in Resources */,
				DA8E655A1C47F94000BECAF6 /* flyer03.jpg in Resources */,
				DAA82FA61C470E8C00C40A7C /* logo@2x.png in Resources */,
				DA8E655F1C47F94000BECAF6 /* flyer05@2x.jpg in Resources */,
				DAF8C2271C46EF9B00DB03F2 /* Images.xcassets in Resources */,
				DA8E65791C483D9E00BECAF6 /* about.png in Resources */,
				DA8E65851C48439C00BECAF6 /* services.png in Resources */,
				DA3F6E711C46EC18007E2888 /* Localizable.strings in Resources */,
				DA8E655D1C47F94000BECAF6 /* flyer04@2x.jpg in Resources */,
				DA8E655B1C47F94000BECAF6 /* flyer03@2x.jpg in Resources */,
				DA8E65801C48413700BECAF6 /* location@2x.png in Resources */,
				DA8E65561C47F94000BECAF6 /* flyer01.jpg in Resources */,
				DA8E657B1C483D9E00BECAF6 /* about@3x.png in Resources */,
			);
			runOnlyForDeploymentPostprocessing = 0;
		};
/* End PBXResourcesBuildPhase section */

/* Begin PBXShellScriptBuildPhase section */
		15947718B49124C20B05C57C /* Embed Pods Frameworks */ = {
			isa = PBXShellScriptBuildPhase;
			buildActionMask = 2147483647;
			files = (
			);
			inputPaths = (
			);
			name = "Embed Pods Frameworks";
			outputPaths = (
			);
			runOnlyForDeploymentPostprocessing = 0;
			shellPath = /bin/sh;
			shellScript = "\"${SRCROOT}/Pods/Target Support Files/Pods-ovm/Pods-ovm-frameworks.sh\"\n";
			showEnvVarsInLog = 0;
		};
		31D976AC992FEAAA2C077882 /* Copy Pods Resources */ = {
			isa = PBXShellScriptBuildPhase;
			buildActionMask = 2147483647;
			files = (
			);
			inputPaths = (
			);
			name = "Copy Pods Resources";
			outputPaths = (
			);
			runOnlyForDeploymentPostprocessing = 0;
			shellPath = /bin/sh;
			shellScript = "\"${SRCROOT}/Pods/Target Support Files/Pods-ovm/Pods-ovm-resources.sh\"\n";
			showEnvVarsInLog = 0;
		};
		A5026D0572E730743E706FA2 /* Check Pods Manifest.lock */ = {
			isa = PBXShellScriptBuildPhase;
			buildActionMask = 2147483647;
			files = (
			);
			inputPaths = (
			);
			name = "Check Pods Manifest.lock";
			outputPaths = (
			);
			runOnlyForDeploymentPostprocessing = 0;
			shellPath = /bin/sh;
			shellScript = "diff \"${PODS_ROOT}/../Podfile.lock\" \"${PODS_ROOT}/Manifest.lock\" > /dev/null\nif [[ $? != 0 ]] ; then\n    cat << EOM\nerror: The sandbox is not in sync with the Podfile.lock. Run 'pod install' or update your CocoaPods installation.\nEOM\n    exit 1\nfi\n";
			showEnvVarsInLog = 0;
		};
/* End PBXShellScriptBuildPhase section */

/* Begin PBXSourcesBuildPhase section */
		DA3F6E1B1C46EA7B007E2888 /* Sources */ = {
			isa = PBXSourcesBuildPhase;
			buildActionMask = 2147483647;
			files = (
				DAA82FB71C47262C00C40A7C /* mhome.m in Sources */,
				DA3F6E741C46EC18007E2888 /* main.m in Sources */,
				DA8E65751C4837E000BECAF6 /* vhomecelmenucel.m in Sources */,
				DA3F6E7C1C46EC18007E2888 /* vblur.m in Sources */,
				DA3F6E721C46EC18007E2888 /* appdel.m in Sources */,
				DA8E656F1C4835FF00BECAF6 /* mmenucontact.m in Sources */,
				DAA82FBB1C47289400C40A7C /* mhometitle.m in Sources */,
				DAA82FAA1C470F0D00C40A7C /* vlogo.m in Sources */,
				DA3F6E781C46EC18007E2888 /* calert.m in Sources */,
				DAA82FB31C47256D00C40A7C /* vhomecelbanner.m in Sources */,
				DA8E65691C48332A00BECAF6 /* mmenulocations.m in Sources */,
				DA3F6E751C46EC18007E2888 /* analytics.m in Sources */,
				DA3F6E791C46EC18007E2888 /* cmain.m in Sources */,
				DABD83961C46F8B4003C28D3 /* chome.m in Sources */,
				DA3F6E7B1C46EC18007E2888 /* valert.m in Sources */,
				DA3F6E761C46EC18007E2888 /* tools.m in Sources */,
				DA8E65481C47F4F600BECAF6 /* vhomecelmenu.m in Sources */,
				DA3F6E7D1C46EC18007E2888 /* viewbase.m in Sources */,
				DA8E654B1C47F64C00BECAF6 /* mhomemenu.m in Sources */,
				DA8E65651C48316100BECAF6 /* mmenu.m in Sources */,
				DABD839C1C46FE0F003C28D3 /* vhome.m in Sources */,
				DA8E65721C48360900BECAF6 /* mmenuservices.m in Sources */,
				DAA82FBE1C47289C00C40A7C /* mhomebanners.m in Sources */,
				DA8E656C1C4834F200BECAF6 /* mmenuabout.m in Sources */,
				DA3F6E7E1C46EC18007E2888 /* vspinner.m in Sources */,
				DA3F6E771C46EC18007E2888 /* updater.m in Sources */,
				DAA82FAD1C4721D100C40A7C /* vhomeceltitle.m in Sources */,
			);
			runOnlyForDeploymentPostprocessing = 0;
		};
/* End PBXSourcesBuildPhase section */

/* Begin PBXVariantGroup section */
		DA3F6E3E1C46EC18007E2888 /* Localizable.strings */ = {
			isa = PBXVariantGroup;
			children = (
				DA3F6E3F1C46EC18007E2888 /* en */,
				DA3F6E401C46EC18007E2888 /* es */,
			);
			name = Localizable.strings;
			sourceTree = "<group>";
		};
/* End PBXVariantGroup section */

/* Begin XCBuildConfiguration section */
		DA3F6E341C46EA7B007E2888 /* Debug */ = {
			isa = XCBuildConfiguration;
			buildSettings = {
				ALWAYS_SEARCH_USER_PATHS = NO;
				CLANG_CXX_LANGUAGE_STANDARD = "gnu++0x";
				CLANG_CXX_LIBRARY = "libc++";
				CLANG_ENABLE_MODULES = YES;
				CLANG_ENABLE_OBJC_ARC = YES;
				CLANG_WARN_BOOL_CONVERSION = YES;
				CLANG_WARN_CONSTANT_CONVERSION = YES;
				CLANG_WARN_DIRECT_OBJC_ISA_USAGE = YES_ERROR;
				CLANG_WARN_EMPTY_BODY = YES;
				CLANG_WARN_ENUM_CONVERSION = YES;
				CLANG_WARN_INT_CONVERSION = YES;
				CLANG_WARN_OBJC_ROOT_CLASS = YES_ERROR;
				CLANG_WARN_UNREACHABLE_CODE = YES;
				CLANG_WARN__DUPLICATE_METHOD_MATCH = YES;
				"CODE_SIGN_IDENTITY[sdk=iphoneos*]" = "iPhone Developer";
				COPY_PHASE_STRIP = NO;
				DEBUG_INFORMATION_FORMAT = dwarf;
				ENABLE_STRICT_OBJC_MSGSEND = YES;
				ENABLE_TESTABILITY = YES;
				GCC_C_LANGUAGE_STANDARD = gnu99;
				GCC_DYNAMIC_NO_PIC = NO;
				GCC_NO_COMMON_BLOCKS = YES;
				GCC_OPTIMIZATION_LEVEL = 0;
				GCC_PREPROCESSOR_DEFINITIONS = (
					"DEBUG=1",
					"$(inherited)",
				);
				GCC_WARN_64_TO_32_BIT_CONVERSION = YES;
				GCC_WARN_ABOUT_RETURN_TYPE = YES_ERROR;
				GCC_WARN_UNDECLARED_SELECTOR = YES;
				GCC_WARN_UNINITIALIZED_AUTOS = YES_AGGRESSIVE;
				GCC_WARN_UNUSED_FUNCTION = YES;
				GCC_WARN_UNUSED_VARIABLE = YES;
				IPHONEOS_DEPLOYMENT_TARGET = 7.0;
				MTL_ENABLE_DEBUG_INFO = YES;
				ONLY_ACTIVE_ARCH = YES;
				SDKROOT = iphoneos;
				TARGETED_DEVICE_FAMILY = "1,2";
			};
			name = Debug;
		};
		DA3F6E351C46EA7B007E2888 /* Release */ = {
			isa = XCBuildConfiguration;
			buildSettings = {
				ALWAYS_SEARCH_USER_PATHS = NO;
				CLANG_CXX_LANGUAGE_STANDARD = "gnu++0x";
				CLANG_CXX_LIBRARY = "libc++";
				CLANG_ENABLE_MODULES = YES;
				CLANG_ENABLE_OBJC_ARC = YES;
				CLANG_WARN_BOOL_CONVERSION = YES;
				CLANG_WARN_CONSTANT_CONVERSION = YES;
				CLANG_WARN_DIRECT_OBJC_ISA_USAGE = YES_ERROR;
				CLANG_WARN_EMPTY_BODY = YES;
				CLANG_WARN_ENUM_CONVERSION = YES;
				CLANG_WARN_INT_CONVERSION = YES;
				CLANG_WARN_OBJC_ROOT_CLASS = YES_ERROR;
				CLANG_WARN_UNREACHABLE_CODE = YES;
				CLANG_WARN__DUPLICATE_METHOD_MATCH = YES;
				"CODE_SIGN_IDENTITY[sdk=iphoneos*]" = "iPhone Developer";
				COPY_PHASE_STRIP = NO;
				DEBUG_INFORMATION_FORMAT = "dwarf-with-dsym";
				ENABLE_NS_ASSERTIONS = NO;
				ENABLE_STRICT_OBJC_MSGSEND = YES;
				GCC_C_LANGUAGE_STANDARD = gnu99;
				GCC_NO_COMMON_BLOCKS = YES;
				GCC_WARN_64_TO_32_BIT_CONVERSION = YES;
				GCC_WARN_ABOUT_RETURN_TYPE = YES_ERROR;
				GCC_WARN_UNDECLARED_SELECTOR = YES;
				GCC_WARN_UNINITIALIZED_AUTOS = YES_AGGRESSIVE;
				GCC_WARN_UNUSED_FUNCTION = YES;
				GCC_WARN_UNUSED_VARIABLE = YES;
				IPHONEOS_DEPLOYMENT_TARGET = 7.0;
				MTL_ENABLE_DEBUG_INFO = NO;
				SDKROOT = iphoneos;
				TARGETED_DEVICE_FAMILY = "1,2";
				VALIDATE_PRODUCT = YES;
			};
			name = Release;
		};
		DA3F6E371C46EA7B007E2888 /* Debug */ = {
			isa = XCBuildConfiguration;
			baseConfigurationReference = 622C6F0CE626AB28520DFD6D /* Pods-ovm.debug.xcconfig */;
			buildSettings = {
				ASSETCATALOG_COMPILER_APPICON_NAME = AppIcon;
				ASSETCATALOG_COMPILER_LAUNCHIMAGE_NAME = "Brand Assets";
				CODE_SIGN_IDENTITY = "iPhone Developer";
				ENABLE_BITCODE = NO;
				INFOPLIST_FILE = "$(SRCROOT)/ovm/sourceteq/core/Info.plist";
				LD_RUNPATH_SEARCH_PATHS = "$(inherited) @executable_path/Frameworks";
				PRODUCT_BUNDLE_IDENTIFIER = iturbide.ovm;
				PRODUCT_NAME = "$(TARGET_NAME)";
				TARGETED_DEVICE_FAMILY = "1,2";
			};
			name = Debug;
		};
		DA3F6E381C46EA7B007E2888 /* Release */ = {
			isa = XCBuildConfiguration;
			baseConfigurationReference = DF5B8A32DC524E45172A5DE3 /* Pods-ovm.release.xcconfig */;
			buildSettings = {
				ASSETCATALOG_COMPILER_APPICON_NAME = AppIcon;
				ASSETCATALOG_COMPILER_LAUNCHIMAGE_NAME = "Brand Assets";
				CODE_SIGN_IDENTITY = "iPhone Developer";
				ENABLE_BITCODE = NO;
				INFOPLIST_FILE = "$(SRCROOT)/ovm/sourceteq/core/Info.plist";
				LD_RUNPATH_SEARCH_PATHS = "$(inherited) @executable_path/Frameworks";
				PRODUCT_BUNDLE_IDENTIFIER = iturbide.ovm;
				PRODUCT_NAME = "$(TARGET_NAME)";
				TARGETED_DEVICE_FAMILY = "1,2";
			};
			name = Release;
		};
/* End XCBuildConfiguration section */

/* Begin XCConfigurationList section */
		DA3F6E1A1C46EA7B007E2888 /* Build configuration list for PBXProject "ovm" */ = {
			isa = XCConfigurationList;
			buildConfigurations = (
				DA3F6E341C46EA7B007E2888 /* Debug */,
				DA3F6E351C46EA7B007E2888 /* Release */,
			);
			defaultConfigurationIsVisible = 0;
			defaultConfigurationName = Release;
		};
		DA3F6E361C46EA7B007E2888 /* Build configuration list for PBXNativeTarget "ovm" */ = {
			isa = XCConfigurationList;
			buildConfigurations = (
				DA3F6E371C46EA7B007E2888 /* Debug */,
				DA3F6E381C46EA7B007E2888 /* Release */,
			);
			defaultConfigurationIsVisible = 0;
			defaultConfigurationName = Release;
		};
/* End XCConfigurationList section */
	};
	rootObject = DA3F6E171C46EA7B007E2888 /* Project object */;
}
